
Microsoft Visual Studio Solution File, Format Version 12.00
# Visual Studio Version 17
VisualStudioVersion = 17.8.34408.163
MinimumVisualStudioVersion = 10.0.40219.1
Project("{9A19103F-16F7-4668-BE54-9A1E7A4F7556}") = "Remake", "Remake\Remake.csproj", "{1E4D2846-1C1A-4A02-B64B-27CCC5F5F0DC}"
EndProject
Project("{2150E333-8FDC-42A3-9474-1A3956D46DE8}") = "Libraries", "Libraries", "{82515787-57DB-4382-BD1C-F97E7574C974}"
EndProject
Project("{9A19103F-16F7-4668-BE54-9A1E7A4F7556}") = "Checker", "libraries\Checker\Checker.csproj", "{7062FBB7-91EA-4E4C-ACDD-D6029B829FD7}"
EndProject
Project("{9A19103F-16F7-4668-BE54-9A1E7A4F7556}") = "Constants", "Constants\Constants.csproj", "{53018E9D-E340-4E1F-A8D7-301777799926}"
EndProject
Project("{9A19103F-16F7-4668-BE54-9A1E7A4F7556}") = "Stats", "Stats\Stats.csproj", "{4CF772A8-D4FA-41EE-AADF-C6A3C8F3CA5F}"
EndProject
Project("{9A19103F-16F7-4668-BE54-9A1E7A4F7556}") = "Utilities", "Utilities\Utilities.csproj", "{F1FF6440-5614-4B12-9482-458BD6AA9CAC}"
EndProject
Project("{9A19103F-16F7-4668-BE54-9A1E7A4F7556}") = "Messages", "Messages\Messages.csproj", "{69EA04CD-624D-4076-89DF-64D7D2CFB637}"
EndProject
Project("{9A19103F-16F7-4668-BE54-9A1E7A4F7556}") = "Battle", "Battle\Battle.csproj", "{F46C737C-1FC5-40FA-B4CA-1228C783F3CA}"
EndProject
Project("{FAE04EC0-301F-11D3-BF4B-00C04F79EFBC}") = "TestRemake", "TestRemake\TestRemake.csproj", "{479795B0-BFA1-40F8-922D-A034B7F100E8}"
EndProject
Global
	GlobalSection(SolutionConfigurationPlatforms) = preSolution
		Debug|Any CPU = Debug|Any CPU
		Release|Any CPU = Release|Any CPU
	EndGlobalSection
	GlobalSection(ProjectConfigurationPlatforms) = postSolution
		{1E4D2846-1C1A-4A02-B64B-27CCC5F5F0DC}.Debug|Any CPU.ActiveCfg = Debug|Any CPU
		{1E4D2846-1C1A-4A02-B64B-27CCC5F5F0DC}.Debug|Any CPU.Build.0 = Debug|Any CPU
		{1E4D2846-1C1A-4A02-B64B-27CCC5F5F0DC}.Release|Any CPU.ActiveCfg = Release|Any CPU
		{1E4D2846-1C1A-4A02-B64B-27CCC5F5F0DC}.Release|Any CPU.Build.0 = Release|Any CPU
		{7062FBB7-91EA-4E4C-ACDD-D6029B829FD7}.Debug|Any CPU.ActiveCfg = Debug|Any CPU
		{7062FBB7-91EA-4E4C-ACDD-D6029B829FD7}.Debug|Any CPU.Build.0 = Debug|Any CPU
		{7062FBB7-91EA-4E4C-ACDD-D6029B829FD7}.Release|Any CPU.ActiveCfg = Release|Any CPU
		{7062FBB7-91EA-4E4C-ACDD-D6029B829FD7}.Release|Any CPU.Build.0 = Release|Any CPU
		{53018E9D-E340-4E1F-A8D7-301777799926}.Debug|Any CPU.ActiveCfg = Debug|Any CPU
		{53018E9D-E340-4E1F-A8D7-301777799926}.Debug|Any CPU.Build.0 = Debug|Any CPU
		{53018E9D-E340-4E1F-A8D7-301777799926}.Release|Any CPU.ActiveCfg = Release|Any CPU
		{53018E9D-E340-4E1F-A8D7-301777799926}.Release|Any CPU.Build.0 = Release|Any CPU
		{4CF772A8-D4FA-41EE-AADF-C6A3C8F3CA5F}.Debug|Any CPU.ActiveCfg = Debug|Any CPU
		{4CF772A8-D4FA-41EE-AADF-C6A3C8F3CA5F}.Debug|Any CPU.Build.0 = Debug|Any CPU
		{4CF772A8-D4FA-41EE-AADF-C6A3C8F3CA5F}.Release|Any CPU.ActiveCfg = Release|Any CPU
		{4CF772A8-D4FA-41EE-AADF-C6A3C8F3CA5F}.Release|Any CPU.Build.0 = Release|Any CPU
		{F1FF6440-5614-4B12-9482-458BD6AA9CAC}.Debug|Any CPU.ActiveCfg = Debug|Any CPU
		{F1FF6440-5614-4B12-9482-458BD6AA9CAC}.Debug|Any CPU.Build.0 = Debug|Any CPU
		{F1FF6440-5614-4B12-9482-458BD6AA9CAC}.Release|Any CPU.ActiveCfg = Release|Any CPU
		{F1FF6440-5614-4B12-9482-458BD6AA9CAC}.Release|Any CPU.Build.0 = Release|Any CPU
		{69EA04CD-624D-4076-89DF-64D7D2CFB637}.Debug|Any CPU.ActiveCfg = Debug|Any CPU
		{69EA04CD-624D-4076-89DF-64D7D2CFB637}.Debug|Any CPU.Build.0 = Debug|Any CPU
		{69EA04CD-624D-4076-89DF-64D7D2CFB637}.Release|Any CPU.ActiveCfg = Release|Any CPU
		{69EA04CD-624D-4076-89DF-64D7D2CFB637}.Release|Any CPU.Build.0 = Release|Any CPU
		{F46C737C-1FC5-40FA-B4CA-1228C783F3CA}.Debug|Any CPU.ActiveCfg = Debug|Any CPU
		{F46C737C-1FC5-40FA-B4CA-1228C783F3CA}.Debug|Any CPU.Build.0 = Debug|Any CPU
		{F46C737C-1FC5-40FA-B4CA-1228C783F3CA}.Release|Any CPU.ActiveCfg = Release|Any CPU
		{F46C737C-1FC5-40FA-B4CA-1228C783F3CA}.Release|Any CPU.Build.0 = Release|Any CPU
		{479795B0-BFA1-40F8-922D-A034B7F100E8}.Debug|Any CPU.ActiveCfg = Debug|Any CPU
		{479795B0-BFA1-40F8-922D-A034B7F100E8}.Debug|Any CPU.Build.0 = Debug|Any CPU
		{479795B0-BFA1-40F8-922D-A034B7F100E8}.Release|Any CPU.ActiveCfg = Release|Any CPU
		{479795B0-BFA1-40F8-922D-A034B7F100E8}.Release|Any CPU.Build.0 = Release|Any CPU
	EndGlobalSection
	GlobalSection(SolutionProperties) = preSolution
		HideSolutionNode = FALSE
	EndGlobalSection
	GlobalSection(NestedProjects) = preSolution
		{7062FBB7-91EA-4E4C-ACDD-D6029B829FD7} = {82515787-57DB-4382-BD1C-F97E7574C974}
		{53018E9D-E340-4E1F-A8D7-301777799926} = {82515787-57DB-4382-BD1C-F97E7574C974}
		{4CF772A8-D4FA-41EE-AADF-C6A3C8F3CA5F} = {82515787-57DB-4382-BD1C-F97E7574C974}
		{F1FF6440-5614-4B12-9482-458BD6AA9CAC} = {82515787-57DB-4382-BD1C-F97E7574C974}
		{69EA04CD-624D-4076-89DF-64D7D2CFB637} = {82515787-57DB-4382-BD1C-F97E7574C974}
		{F46C737C-1FC5-40FA-B4CA-1228C783F3CA} = {82515787-57DB-4382-BD1C-F97E7574C974}
	EndGlobalSection
	GlobalSection(ExtensibilityGlobals) = postSolution
		SolutionGuid = {03D3890D-E2F1-42CE-A6F9-14B3BAB3CDFA}
	EndGlobalSection
EndGlobal
